// !$*UTF8*$!
{
	archiveVersion = 1;
	classes = {
	};
	objectVersion = 46;
	objects = {

/* Begin PBXBuildFile section */
		87EC2B2F1C56839200DB26B0 /* AppDelegate.swift in Sources */ = {isa = PBXBuildFile; fileRef = 87EC2B2E1C56839200DB26B0 /* AppDelegate.swift */; };
		87EC2B311C56839200DB26B0 /* ViewController.swift in Sources */ = {isa = PBXBuildFile; fileRef = 87EC2B301C56839200DB26B0 /* ViewController.swift */; };
		87EC2B341C56839200DB26B0 /* Main.storyboard in Resources */ = {isa = PBXBuildFile; fileRef = 87EC2B321C56839200DB26B0 /* Main.storyboard */; };
		87EC2B361C56839200DB26B0 /* Assets.xcassets in Resources */ = {isa = PBXBuildFile; fileRef = 87EC2B351C56839200DB26B0 /* Assets.xcassets */; };
		87EC2B391C56839200DB26B0 /* LaunchScreen.storyboard in Resources */ = {isa = PBXBuildFile; fileRef = 87EC2B371C56839200DB26B0 /* LaunchScreen.storyboard */; };
/* End PBXBuildFile section */

/* Begin PBXFileReference section */
		87EC2B2B1C56839200DB26B0 /* HelloTableView.app */ = {isa = PBXFileReference; explicitFileType = wrapper.application; includeInIndex = 0; path = HelloTableView.app; sourceTree = BUILT_PRODUCTS_DIR; };
		87EC2B2E1C56839200DB26B0 /* AppDelegate.swift */ = {isa = PBXFileReference; lastKnownFileType = sourcecode.swift; path = AppDelegate.swift; sourceTree = "<group>"; };
		87EC2B301C56839200DB26B0 /* ViewController.swift */ = {isa = PBXFileReference; lastKnownFileType = sourcecode.swift; path = ViewController.swift; sourceTree = "<group>"; };
		87EC2B331C56839200DB26B0 /* Base */ = {isa = PBXFileReference; lastKnownFileType = file.storyboard; name = Base; path = Base.lproj/Main.storyboard; sourceTree = "<group>"; };
		87EC2B351C56839200DB26B0 /* Assets.xcassets */ = {isa = PBXFileReference; lastKnownFileType = folder.assetcatalog; path = Assets.xcassets; sourceTree = "<group>"; };
		87EC2B381C56839200DB26B0 /* Base */ = {isa = PBXFileReference; lastKnownFileType = file.storyboard; name = Base; path = Base.lproj/LaunchScreen.storyboard; sourceTree = "<group>"; };
		87EC2B3A1C56839200DB26B0 /* Info.plist */ = {isa = PBXFileReference; lastKnownFileType = text.plist.xml; path = Info.plist; sourceTree = "<group>"; };
/* End PBXFileReference section */

/* Begin PBXFrameworksBuildPhase section */
		87EC2B281C56839200DB26B0 /* Frameworks */ = {
			isa = PBXFrameworksBuildPhase;
			buildActionMask = 2147483647;
			files = (
			);
			runOnlyForDeploymentPostprocessing = 0;
		};
/* End PBXFrameworksBuildPhase section */

/* Begin PBXGroup section */
		87EC2B221C56839200DB26B0 = {
			isa = PBXGroup;
			children = (
				87EC2B2D1C56839200DB26B0 /* HelloTableView */,
				87EC2B2C1C56839200DB26B0 /* Products */,
			);
			sourceTree = "<group>";
		};
		87EC2B2C1C56839200DB26B0 /* Products */ = {
			isa = PBXGroup;
			children = (
				87EC2B2B1C56839200DB26B0 /* HelloTableView.app */,
			);
			name = Products;
			sourceTree = "<group>";
		};
		87EC2B2D1C56839200DB26B0 /* HelloTableView */ = {
			isa = PBXGroup;
			children = (
				87EC2B2E1C56839200DB26B0 /* AppDelegate.swift */,
				87EC2B301C56839200DB26B0 /* ViewController.swift */,
				87EC2B321C56839200DB26B0 /* Main.storyboard */,
				87EC2B351C56839200DB26B0 /* Assets.xcassets */,
				87EC2B371C56839200DB26B0 /* LaunchScreen.storyboard */,
				87EC2B3A1C56839200DB26B0 /* Info.plist */,
			);
			path = HelloTableView;
			sourceTree = "<group>";
		};
/* End PBXGroup section */

/* Begin PBXNativeTarget section */
		87EC2B2A1C56839200DB26B0 /* HelloTableView */ = {
			isa = PBXNativeTarget;
			buildConfigurationList = 87EC2B3D1C56839200DB26B0 /* Build configuration list for PBXNativeTarget "HelloTableView" */;
			buildPhases = (
				87EC2B271C56839200DB26B0 /* Sources */,
				87EC2B281C56839200DB26B0 /* Frameworks */,
				87EC2B291C56839200DB26B0 /* Resources */,
			);
			buildRules = (
			);
			dependencies = (
			);
			name = HelloTableView;
			productName = HelloTableView;
			productReference = 87EC2B2B1C56839200DB26B0 /* HelloTableView.app */;
			productType = "com.apple.product-type.application";
		};
/* End PBXNativeTarget section */

/* Begin PBXProject section */
		87EC2B231C56839200DB26B0 /* Project object */ = {
			isa = PBXProject;
			attributes = {
				LastSwiftUpdateCheck = 0720;
				LastUpgradeCheck = 0720;
				ORGANIZATIONNAME = Xanik;
				TargetAttributes = {
					87EC2B2A1C56839200DB26B0 = {
						CreatedOnToolsVersion = 7.2;
					};
				};
			};
			buildConfigurationList = 87EC2B261C56839200DB26B0 /* Build configuration list for PBXProject "HelloTableView" */;
			compatibilityVersion = "Xcode 3.2";
			developmentRegion = English;
			hasScannedForEncodings = 0;
			knownRegions = (
				en,
				Base,
			);
			mainGroup = 87EC2B221C56839200DB26B0;
			productRefGroup = 87EC2B2C1C56839200DB26B0 /* Products */;
			projectDirPath = "";
			projectRoot = "";
			targets = (
				87EC2B2A1C56839200DB26B0 /* HelloTableView */,
			);
		};
/* End PBXProject section */

/* Begin PBXResourcesBuildPhase section */
		87EC2B291C56839200DB26B0 /* Resources */ = {
			isa = PBXResourcesBuildPhase;
			buildActionMask = 2147483647;
			files = (
				87EC2B391C56839200DB26B0 /* LaunchScreen.storyboard in Resources */,
				87EC2B361C56839200DB26B0 /* Assets.xcassets in Resources */,
				87EC2B341C56839200DB26B0 /* Main.storyboard in Resources */,
			);
			runOnlyForDeploymentPostprocessing = 0;
		};
/* End PBXResourcesBuildPhase section */

/* Begin PBXSourcesBuildPhase section */
		87EC2B271C56839200DB26B0 /* Sources */ = {
			isa = PBXSourcesBuildPhase;
			buildActionMask = 2147483647;
			files = (
				87EC2B311C56839200DB26B0 /* ViewController.swift in Sources */,
				87EC2B2F1C56839200DB26B0 /* AppDelegate.swift in Sources */,
			);
			runOnlyForDeploymentPostprocessing = 0;
		};
/* End PBXSourcesBuildPhase section */

/* Begin PBXVariantGroup section */
		87EC2B321C56839200DB26B0 /* Main.storyboard */ = {
			isa = PBXVariantGroup;
			children = (
				87EC2B331C56839200DB26B0 /* Base */,
			);
			name = Main.storyboard;
			sourceTree = "<group>";
		};
		87EC2B371C56839200DB26B0 /* LaunchScreen.storyboard */ = {
			isa = PBXVariantGroup;
			children = (
				87EC2B381C56839200DB26B0 /* Base */,
			);
			name = LaunchScreen.storyboard;
			sourceTree = "<group>";
		};
/* End PBXVariantGroup section */

/* Begin XCBuildConfiguration section */
		87EC2B3B1C56839200DB26B0 /* Debug */ = {
			isa = XCBuildConfiguration;
			buildSettings = {
				ALWAYS_SEARCH_USER_PATHS = NO;
				CLANG_CXX_LANGUAGE_STANDARD = "gnu++0x";
				CLANG_CXX_LIBRARY = "libc++";
				CLANG_ENABLE_MODULES = YES;
				CLANG_ENABLE_OBJC_ARC = YES;
				CLANG_WARN_BOOL_CONVERSION = YES;
				CLANG_WARN_CONSTANT_CONVERSION = YES;
				CLANG_WARN_DIRECT_OBJC_ISA_USAGE = YES_ERROR;
				CLANG_WARN_EMPTY_BODY = YES;
				CLANG_WARN_ENUM_CONVERSION = YES;
				CLANG_WARN_INT_CONVERSION = YES;
				CLANG_WARN_OBJC_ROOT_CLASS = YES_ERROR;
				CLANG_WARN_UNREACHABLE_CODE = YES;
				CLANG_WARN__DUPLICATE_METHOD_MATCH = YES;
				"CODE_SIGN_IDENTITY[sdk=iphoneos*]" = "iPhone Developer";
				COPY_PHASE_STRIP = NO;
				DEBUG_INFORMATION_FORMAT = dwarf;
				ENABLE_STRICT_OBJC_MSGSEND = YES;
				ENABLE_TESTABILITY = YES;
				GCC_C_LANGUAGE_STANDARD = gnu99;
				GCC_DYNAMIC_NO_PIC = NO;
				GCC_NO_COMMON_BLOCKS = YES;
				GCC_OPTIMIZATION_LEVEL = 0;
				GCC_PREPROCESSOR_DEFINITIONS = (
					"DEBUG=1",
					"$(inherited)",
				);
				GCC_WARN_64_TO_32_BIT_CONVERSION = YES;
				GCC_WARN_ABOUT_RETURN_TYPE = YES_ERROR;
				GCC_WARN_UNDECLARED_SELECTOR = YES;
				GCC_WARN_UNINITIALIZED_AUTOS = YES_AGGRESSIVE;
				GCC_WARN_UNUSED_FUNCTION = YES;
				GCC_WARN_UNUSED_VARIABLE = YES;
				IPHONEOS_DEPLOYMENT_TARGET = 9.2;
				MTL_ENABLE_DEBUG_INFO = YES;
				ONLY_ACTIVE_ARCH = YES;
				SDKROOT = iphoneos;
				SWIFT_OPTIMIZATION_LEVEL = "-Onone";
				TARGETED_DEVICE_FAMILY = "1,2";
			};
			name = Debug;
		};
		87EC2B3C1C56839200DB26B0 /* Release */ = {
			isa = XCBuildConfiguration;
			buildSettings = {
				ALWAYS_SEARCH_USER_PATHS = NO;
				CLANG_CXX_LANGUAGE_STANDARD = "gnu++0x";
				CLANG_CXX_LIBRARY = "libc++";
				CLANG_ENABLE_MODULES = YES;
				CLANG_ENABLE_OBJC_ARC = YES;
				CLANG_WARN_BOOL_CONVERSION = YES;
				CLANG_WARN_CONSTANT_CONVERSION = YES;
				CLANG_WARN_DIRECT_OBJC_ISA_USAGE = YES_ERROR;
				CLANG_WARN_EMPTY_BODY = YES;
				CLANG_WARN_ENUM_CONVERSION = YES;
				CLANG_WARN_INT_CONVERSION = YES;
				CLANG_WARN_OBJC_ROOT_CLASS = YES_ERROR;
				CLANG_WARN_UNREACHABLE_CODE = YES;
				CLANG_WARN__DUPLICATE_METHOD_MATCH = YES;
				"CODE_SIGN_IDENTITY[sdk=iphoneos*]" = "iPhone Developer";
				COPY_PHASE_STRIP = NO;
				DEBUG_INFORMATION_FORMAT = "dwarf-with-dsym";
				ENABLE_NS_ASSERTIONS = NO;
				ENABLE_STRICT_OBJC_MSGSEND = YES;
				GCC_C_LANGUAGE_STANDARD = gnu99;
				GCC_NO_COMMON_BLOCKS = YES;
				GCC_WARN_64_TO_32_BIT_CONVERSION = YES;
				GCC_WARN_ABOUT_RETURN_TYPE = YES_ERROR;
				GCC_WARN_UNDECLARED_SELECTOR = YES;
				GCC_WARN_UNINITIALIZED_AUTOS = YES_AGGRESSIVE;
				GCC_WARN_UNUSED_FUNCTION = YES;
				GCC_WARN_UNUSED_VARIABLE = YES;
				IPHONEOS_DEPLOYMENT_TARGET = 9.2;
				MTL_ENABLE_DEBUG_INFO = NO;
				SDKROOT = iphoneos;
				TARGETED_DEVICE_FAMILY = "1,2";
				VALIDATE_PRODUCT = YES;
			};
			name = Release;
		};
		87EC2B3E1C56839200DB26B0 /* Debug */ = {
			isa = XCBuildConfiguration;
			buildSettings = {
				ASSETCATALOG_COMPILER_APPICON_NAME = AppIcon;
				INFOPLIST_FILE = HelloTableView/Info.plist;
				LD_RUNPATH_SEARCH_PATHS = "$(inherited) @executable_path/Frameworks";
				PRODUCT_BUNDLE_IDENTIFIER = xanik.ru.HelloTableView;
				PRODUCT_NAME = "$(TARGET_NAME)";
			};
			name = Debug;
		};
		87EC2B3F1C56839200DB26B0 /* Release */ = {
			isa = XCBuildConfiguration;
			buildSettings = {
				ASSETCATALOG_COMPILER_APPICON_NAME = AppIcon;
				INFOPLIST_FILE = HelloTableView/Info.plist;
				LD_RUNPATH_SEARCH_PATHS = "$(inherited) @executable_path/Frameworks";
				PRODUCT_BUNDLE_IDENTIFIER = xanik.ru.HelloTableView;
				PRODUCT_NAME = "$(TARGET_NAME)";
			};
			name = Release;
		};
/* End XCBuildConfiguration section */

/* Begin XCConfigurationList section */
		87EC2B261C56839200DB26B0 /* Build configuration list for PBXProject "HelloTableView" */ = {
			isa = XCConfigurationList;
			buildConfigurations = (
				87EC2B3B1C56839200DB26B0 /* Debug */,
				87EC2B3C1C56839200DB26B0 /* Release */,
			);
			defaultConfigurationIsVisible = 0;
			defaultConfigurationName = Release;
		};
		87EC2B3D1C56839200DB26B0 /* Build configuration list for PBXNativeTarget "HelloTableView" */ = {
			isa = XCConfigurationList;
			buildConfigurations = (
				87EC2B3E1C56839200DB26B0 /* Debug */,
				87EC2B3F1C56839200DB26B0 /* Release */,
			);
			defaultConfigurationIsVisible = 0;
		};
/* End XCConfigurationList section */
	};
	rootObject = 87EC2B231C56839200DB26B0 /* Project object */;
}
